// !$*UTF8*$!
{
	archiveVersion = 1;
	classes = {
	};
	objectVersion = 51;
	objects = {

/* Begin PBXBuildFile section */
		1EAE4404B299FF2F7C895C80 /* Pods_RegistrationForm.framework in Frameworks */ = {isa = PBXBuildFile; fileRef = 6BE9D8355051222E54457875 /* Pods_RegistrationForm.framework */; };
		4B36224C2312432D008AE36D /* AppDelegate.swift in Sources */ = {isa = PBXBuildFile; fileRef = 4B36224B2312432D008AE36D /* AppDelegate.swift */; };
		4B36224E2312432D008AE36D /* AuthViewController.swift in Sources */ = {isa = PBXBuildFile; fileRef = 4B36224D2312432D008AE36D /* AuthViewController.swift */; };
		4B3622512312432D008AE36D /* Main.storyboard in Resources */ = {isa = PBXBuildFile; fileRef = 4B36224F2312432D008AE36D /* Main.storyboard */; };
		4B3622532312432F008AE36D /* Assets.xcassets in Resources */ = {isa = PBXBuildFile; fileRef = 4B3622522312432F008AE36D /* Assets.xcassets */; };
		4B3622562312432F008AE36D /* LaunchScreen.storyboard in Resources */ = {isa = PBXBuildFile; fileRef = 4B3622542312432F008AE36D /* LaunchScreen.storyboard */; };
		4B3AB86D23125EB500D13C03 /* GoogleService-Info.plist in Resources */ = {isa = PBXBuildFile; fileRef = 4B3AB86C23125EB500D13C03 /* GoogleService-Info.plist */; };
		4B3AB86F2312646C00D13C03 /* UserViewController.swift in Sources */ = {isa = PBXBuildFile; fileRef = 4B3AB86E2312646C00D13C03 /* UserViewController.swift */; };
		4B3AB8712312707000D13C03 /* FacebookManager.swift in Sources */ = {isa = PBXBuildFile; fileRef = 4B3AB8702312707000D13C03 /* FacebookManager.swift */; };
		4B3AB873231270E200D13C03 /* User.swift in Sources */ = {isa = PBXBuildFile; fileRef = 4B3AB872231270E200D13C03 /* User.swift */; };
		4B3AB87523127D4400D13C03 /* EnterViewController.swift in Sources */ = {isa = PBXBuildFile; fileRef = 4B3AB87423127D4400D13C03 /* EnterViewController.swift */; };
		4B3AB8772312803E00D13C03 /* Extension+UIButton.swift in Sources */ = {isa = PBXBuildFile; fileRef = 4B3AB8762312803E00D13C03 /* Extension+UIButton.swift */; };
		4B3AB8792312808F00D13C03 /* Extension+UITextField.swift in Sources */ = {isa = PBXBuildFile; fileRef = 4B3AB8782312808F00D13C03 /* Extension+UITextField.swift */; };
		4B3AB87B231280D300D13C03 /* BackgraundMethod.swift in Sources */ = {isa = PBXBuildFile; fileRef = 4B3AB87A231280D300D13C03 /* BackgraundMethod.swift */; };
		4B3AB87D2312817000D13C03 /* Validator.swift in Sources */ = {isa = PBXBuildFile; fileRef = 4B3AB87C2312817000D13C03 /* Validator.swift */; };
		4B3AB87F231286D900D13C03 /* RegisterData.swift in Sources */ = {isa = PBXBuildFile; fileRef = 4B3AB87E231286D900D13C03 /* RegisterData.swift */; };
		4B3AB88223129E5D00D13C03 /* Lato-Regular.ttf in Resources */ = {isa = PBXBuildFile; fileRef = 4B3AB88123129E5D00D13C03 /* Lato-Regular.ttf */; };
		4B7B8587246AA322002E65B0 /* NewFirstViewController.swift in Sources */ = {isa = PBXBuildFile; fileRef = 4B7B8586246AA322002E65B0 /* NewFirstViewController.swift */; };
		4B7B858B246AA862002E65B0 /* NewThertViewController.swift in Sources */ = {isa = PBXBuildFile; fileRef = 4B7B858A246AA862002E65B0 /* NewThertViewController.swift */; };
/* End PBXBuildFile section */

/* Begin PBXFileReference section */
		10DA237DB8CE07FF3491A652 /* Pods-RegistrationForm.debug.xcconfig */ = {isa = PBXFileReference; includeInIndex = 1; lastKnownFileType = text.xcconfig; name = "Pods-RegistrationForm.debug.xcconfig"; path = "Target Support Files/Pods-RegistrationForm/Pods-RegistrationForm.debug.xcconfig"; sourceTree = "<group>"; };
		4B3622482312432D008AE36D /* RegistrationForm.app */ = {isa = PBXFileReference; explicitFileType = wrapper.application; includeInIndex = 0; path = RegistrationForm.app; sourceTree = BUILT_PRODUCTS_DIR; };
		4B36224B2312432D008AE36D /* AppDelegate.swift */ = {isa = PBXFileReference; lastKnownFileType = sourcecode.swift; path = AppDelegate.swift; sourceTree = "<group>"; };
		4B36224D2312432D008AE36D /* AuthViewController.swift */ = {isa = PBXFileReference; lastKnownFileType = sourcecode.swift; path = AuthViewController.swift; sourceTree = "<group>"; };
		4B3622502312432D008AE36D /* Base */ = {isa = PBXFileReference; lastKnownFileType = file.storyboard; name = Base; path = Base.lproj/Main.storyboard; sourceTree = "<group>"; };
		4B3622522312432F008AE36D /* Assets.xcassets */ = {isa = PBXFileReference; lastKnownFileType = folder.assetcatalog; path = Assets.xcassets; sourceTree = "<group>"; };
		4B3622552312432F008AE36D /* Base */ = {isa = PBXFileReference; lastKnownFileType = file.storyboard; name = Base; path = Base.lproj/LaunchScreen.storyboard; sourceTree = "<group>"; };
		4B3622572312432F008AE36D /* Info.plist */ = {isa = PBXFileReference; lastKnownFileType = text.plist.xml; path = Info.plist; sourceTree = "<group>"; };
		4B3AB86C23125EB500D13C03 /* GoogleService-Info.plist */ = {isa = PBXFileReference; fileEncoding = 4; lastKnownFileType = text.plist.xml; path = "GoogleService-Info.plist"; sourceTree = "<group>"; };
		4B3AB86E2312646C00D13C03 /* UserViewController.swift */ = {isa = PBXFileReference; lastKnownFileType = sourcecode.swift; path = UserViewController.swift; sourceTree = "<group>"; };
		4B3AB8702312707000D13C03 /* FacebookManager.swift */ = {isa = PBXFileReference; lastKnownFileType = sourcecode.swift; path = FacebookManager.swift; sourceTree = "<group>"; };
		4B3AB872231270E200D13C03 /* User.swift */ = {isa = PBXFileReference; lastKnownFileType = sourcecode.swift; path = User.swift; sourceTree = "<group>"; };
		4B3AB87423127D4400D13C03 /* EnterViewController.swift */ = {isa = PBXFileReference; lastKnownFileType = sourcecode.swift; path = EnterViewController.swift; sourceTree = "<group>"; };
		4B3AB8762312803E00D13C03 /* Extension+UIButton.swift */ = {isa = PBXFileReference; lastKnownFileType = sourcecode.swift; path = "Extension+UIButton.swift"; sourceTree = "<group>"; };
		4B3AB8782312808F00D13C03 /* Extension+UITextField.swift */ = {isa = PBXFileReference; lastKnownFileType = sourcecode.swift; path = "Extension+UITextField.swift"; sourceTree = "<group>"; };
		4B3AB87A231280D300D13C03 /* BackgraundMethod.swift */ = {isa = PBXFileReference; lastKnownFileType = sourcecode.swift; path = BackgraundMethod.swift; sourceTree = "<group>"; };
		4B3AB87C2312817000D13C03 /* Validator.swift */ = {isa = PBXFileReference; lastKnownFileType = sourcecode.swift; path = Validator.swift; sourceTree = "<group>"; };
		4B3AB87E231286D900D13C03 /* RegisterData.swift */ = {isa = PBXFileReference; lastKnownFileType = sourcecode.swift; path = RegisterData.swift; sourceTree = "<group>"; };
		4B3AB88123129E5D00D13C03 /* Lato-Regular.ttf */ = {isa = PBXFileReference; lastKnownFileType = file; name = "Lato-Regular.ttf"; path = "../../../Downloads/Lato/Lato-Regular.ttf"; sourceTree = "<group>"; };
		4B7B8586246AA322002E65B0 /* NewFirstViewController.swift */ = {isa = PBXFileReference; lastKnownFileType = sourcecode.swift; path = NewFirstViewController.swift; sourceTree = "<group>"; };
		4B7B858A246AA862002E65B0 /* NewThertViewController.swift */ = {isa = PBXFileReference; lastKnownFileType = sourcecode.swift; path = NewThertViewController.swift; sourceTree = "<group>"; };
		6BE9D8355051222E54457875 /* Pods_RegistrationForm.framework */ = {isa = PBXFileReference; explicitFileType = wrapper.framework; includeInIndex = 0; path = Pods_RegistrationForm.framework; sourceTree = BUILT_PRODUCTS_DIR; };
		C599E0347BBF2C19A487849B /* Pods-RegistrationForm.release.xcconfig */ = {isa = PBXFileReference; includeInIndex = 1; lastKnownFileType = text.xcconfig; name = "Pods-RegistrationForm.release.xcconfig"; path = "Target Support Files/Pods-RegistrationForm/Pods-RegistrationForm.release.xcconfig"; sourceTree = "<group>"; };
/* End PBXFileReference section */

/* Begin PBXFrameworksBuildPhase section */
		4B3622452312432D008AE36D /* Frameworks */ = {
			isa = PBXFrameworksBuildPhase;
			buildActionMask = 2147483647;
			files = (
				1EAE4404B299FF2F7C895C80 /* Pods_RegistrationForm.framework in Frameworks */,
			);
			runOnlyForDeploymentPostprocessing = 0;
		};
/* End PBXFrameworksBuildPhase section */

/* Begin PBXGroup section */
		4B36223F2312432C008AE36D = {
			isa = PBXGroup;
			children = (
				4B36224A2312432D008AE36D /* RegistrationForm */,
				4B3622492312432D008AE36D /* Products */,
				9A6B5143C7ED4DDF981FDA3B /* Pods */,
				F08B07F51ABE775010B77FCB /* Frameworks */,
			);
			sourceTree = "<group>";
		};
		4B3622492312432D008AE36D /* Products */ = {
			isa = PBXGroup;
			children = (
				4B3622482312432D008AE36D /* RegistrationForm.app */,
			);
			name = Products;
			sourceTree = "<group>";
		};
		4B36224A2312432D008AE36D /* RegistrationForm */ = {
			isa = PBXGroup;
			children = (
				4B36224B2312432D008AE36D /* AppDelegate.swift */,
				4B3AB8702312707000D13C03 /* FacebookManager.swift */,
				4B3AB87A231280D300D13C03 /* BackgraundMethod.swift */,
				4B3AB87C2312817000D13C03 /* Validator.swift */,
				4B36225F23124380008AE36D /* Controller */,
				4B36225E23124376008AE36D /* Model */,
				4B36225D2312435B008AE36D /* Extensions */,
				4B36224F2312432D008AE36D /* Main.storyboard */,
				4B3622522312432F008AE36D /* Assets.xcassets */,
				4B3622542312432F008AE36D /* LaunchScreen.storyboard */,
				4B3622572312432F008AE36D /* Info.plist */,
				4B3AB86C23125EB500D13C03 /* GoogleService-Info.plist */,
				4B3AB88123129E5D00D13C03 /* Lato-Regular.ttf */,
			);
			path = RegistrationForm;
			sourceTree = "<group>";
		};
		4B36225D2312435B008AE36D /* Extensions */ = {
			isa = PBXGroup;
			children = (
				4B3AB8762312803E00D13C03 /* Extension+UIButton.swift */,
				4B3AB8782312808F00D13C03 /* Extension+UITextField.swift */,
			);
			name = Extensions;
			sourceTree = "<group>";
		};
		4B36225E23124376008AE36D /* Model */ = {
			isa = PBXGroup;
			children = (
				4B3AB872231270E200D13C03 /* User.swift */,
				4B3AB87E231286D900D13C03 /* RegisterData.swift */,
			);
			path = Model;
			sourceTree = "<group>";
		};
		4B36225F23124380008AE36D /* Controller */ = {
			isa = PBXGroup;
			children = (
				4B36224D2312432D008AE36D /* AuthViewController.swift */,
				4B3AB86E2312646C00D13C03 /* UserViewController.swift */,
				4B3AB87423127D4400D13C03 /* EnterViewController.swift */,
				4B7B8586246AA322002E65B0 /* NewFirstViewController.swift */,
				4B7B858A246AA862002E65B0 /* NewThertViewController.swift */,
			);
			path = Controller;
			sourceTree = "<group>";
		};
		9A6B5143C7ED4DDF981FDA3B /* Pods */ = {
			isa = PBXGroup;
			children = (
				10DA237DB8CE07FF3491A652 /* Pods-RegistrationForm.debug.xcconfig */,
				C599E0347BBF2C19A487849B /* Pods-RegistrationForm.release.xcconfig */,
			);
			path = Pods;
			sourceTree = "<group>";
		};
		F08B07F51ABE775010B77FCB /* Frameworks */ = {
			isa = PBXGroup;
			children = (
				6BE9D8355051222E54457875 /* Pods_RegistrationForm.framework */,
			);
			name = Frameworks;
			sourceTree = "<group>";
		};
/* End PBXGroup section */

/* Begin PBXNativeTarget section */
		4B3622472312432D008AE36D /* RegistrationForm */ = {
			isa = PBXNativeTarget;
			buildConfigurationList = 4B36225A2312432F008AE36D /* Build configuration list for PBXNativeTarget "RegistrationForm" */;
			buildPhases = (
				8AF7F2BC8DB8438C48A57D2A /* [CP] Check Pods Manifest.lock */,
				4B3622442312432D008AE36D /* Sources */,
				4B3622452312432D008AE36D /* Frameworks */,
				4B3622462312432D008AE36D /* Resources */,
				ACC0156654E2FAD168C834E5 /* [CP] Embed Pods Frameworks */,
			);
			buildRules = (
			);
			dependencies = (
			);
			name = RegistrationForm;
			productName = RegistrationForm;
			productReference = 4B3622482312432D008AE36D /* RegistrationForm.app */;
			productType = "com.apple.product-type.application";
		};
/* End PBXNativeTarget section */

/* Begin PBXProject section */
		4B3622402312432D008AE36D /* Project object */ = {
			isa = PBXProject;
			attributes = {
				LastSwiftUpdateCheck = 1030;
				LastUpgradeCheck = 1030;
				ORGANIZATIONNAME = "Alex Kolinko";
				TargetAttributes = {
					4B3622472312432D008AE36D = {
						CreatedOnToolsVersion = 10.3;
					};
				};
			};
			buildConfigurationList = 4B3622432312432D008AE36D /* Build configuration list for PBXProject "RegistrationForm" */;
			compatibilityVersion = "Xcode 9.3";
			developmentRegion = en;
			hasScannedForEncodings = 0;
			knownRegions = (
				en,
				Base,
			);
			mainGroup = 4B36223F2312432C008AE36D;
			productRefGroup = 4B3622492312432D008AE36D /* Products */;
			projectDirPath = "";
			projectRoot = "";
			targets = (
				4B3622472312432D008AE36D /* RegistrationForm */,
			);
		};
/* End PBXProject section */

/* Begin PBXResourcesBuildPhase section */
		4B3622462312432D008AE36D /* Resources */ = {
			isa = PBXResourcesBuildPhase;
			buildActionMask = 2147483647;
			files = (
				4B3622562312432F008AE36D /* LaunchScreen.storyboard in Resources */,
				4B3AB86D23125EB500D13C03 /* GoogleService-Info.plist in Resources */,
				4B3AB88223129E5D00D13C03 /* Lato-Regular.ttf in Resources */,
				4B3622532312432F008AE36D /* Assets.xcassets in Resources */,
				4B3622512312432D008AE36D /* Main.storyboard in Resources */,
			);
			runOnlyForDeploymentPostprocessing = 0;
		};
/* End PBXResourcesBuildPhase section */

/* Begin PBXShellScriptBuildPhase section */
		8AF7F2BC8DB8438C48A57D2A /* [CP] Check Pods Manifest.lock */ = {
			isa = PBXShellScriptBuildPhase;
			buildActionMask = 2147483647;
			files = (
			);
			inputFileListPaths = (
			);
			inputPaths = (
				"${PODS_PODFILE_DIR_PATH}/Podfile.lock",
				"${PODS_ROOT}/Manifest.lock",
			);
			name = "[CP] Check Pods Manifest.lock";
			outputFileListPaths = (
			);
			outputPaths = (
				"$(DERIVED_FILE_DIR)/Pods-RegistrationForm-checkManifestLockResult.txt",
			);
			runOnlyForDeploymentPostprocessing = 0;
			shellPath = /bin/sh;
			shellScript = "diff \"${PODS_PODFILE_DIR_PATH}/Podfile.lock\" \"${PODS_ROOT}/Manifest.lock\" > /dev/null\nif [ $? != 0 ] ; then\n    # print error to STDERR\n    echo \"error: The sandbox is not in sync with the Podfile.lock. Run 'pod install' or update your CocoaPods installation.\" >&2\n    exit 1\nfi\n# This output is used by Xcode 'outputs' to avoid re-running this script phase.\necho \"SUCCESS\" > \"${SCRIPT_OUTPUT_FILE_0}\"\n";
			showEnvVarsInLog = 0;
		};
		ACC0156654E2FAD168C834E5 /* [CP] Embed Pods Frameworks */ = {
			isa = PBXShellScriptBuildPhase;
			buildActionMask = 2147483647;
			files = (
			);
			inputFileListPaths = (
				"${PODS_ROOT}/Target Support Files/Pods-RegistrationForm/Pods-RegistrationForm-frameworks-${CONFIGURATION}-input-files.xcfilelist",
			);
			name = "[CP] Embed Pods Frameworks";
			outputFileListPaths = (
				"${PODS_ROOT}/Target Support Files/Pods-RegistrationForm/Pods-RegistrationForm-frameworks-${CONFIGURATION}-output-files.xcfilelist",
			);
			runOnlyForDeploymentPostprocessing = 0;
			shellPath = /bin/sh;
			shellScript = "\"${PODS_ROOT}/Target Support Files/Pods-RegistrationForm/Pods-RegistrationForm-frameworks.sh\"\n";
			showEnvVarsInLog = 0;
		};
/* End PBXShellScriptBuildPhase section */

/* Begin PBXSourcesBuildPhase section */
		4B3622442312432D008AE36D /* Sources */ = {
			isa = PBXSourcesBuildPhase;
			buildActionMask = 2147483647;
			files = (
				4B7B8587246AA322002E65B0 /* NewFirstViewController.swift in Sources */,
				4B36224E2312432D008AE36D /* AuthViewController.swift in Sources */,
				4B3AB8712312707000D13C03 /* FacebookManager.swift in Sources */,
				4B3AB87D2312817000D13C03 /* Validator.swift in Sources */,
				4B3AB87F231286D900D13C03 /* RegisterData.swift in Sources */,
				4B3AB86F2312646C00D13C03 /* UserViewController.swift in Sources */,
				4B3AB8772312803E00D13C03 /* Extension+UIButton.swift in Sources */,
				4B3AB873231270E200D13C03 /* User.swift in Sources */,
				4B3AB8792312808F00D13C03 /* Extension+UITextField.swift in Sources */,
				4B36224C2312432D008AE36D /* AppDelegate.swift in Sources */,
				4B7B858B246AA862002E65B0 /* NewThertViewController.swift in Sources */,
				4B3AB87523127D4400D13C03 /* EnterViewController.swift in Sources */,
				4B3AB87B231280D300D13C03 /* BackgraundMethod.swift in Sources */,
			);
			runOnlyForDeploymentPostprocessing = 0;
		};
/* End PBXSourcesBuildPhase section */

/* Begin PBXVariantGroup section */
		4B36224F2312432D008AE36D /* Main.storyboard */ = {
			isa = PBXVariantGroup;
			children = (
				4B3622502312432D008AE36D /* Base */,
			);
			name = Main.storyboard;
			sourceTree = "<group>";
		};
		4B3622542312432F008AE36D /* LaunchScreen.storyboard */ = {
			isa = PBXVariantGroup;
			children = (
				4B3622552312432F008AE36D /* Base */,
			);
			name = LaunchScreen.storyboard;
			sourceTree = "<group>";
		};
/* End PBXVariantGroup section */

/* Begin XCBuildConfiguration section */
		4B3622582312432F008AE36D /* Debug */ = {
			isa = XCBuildConfiguration;
			buildSettings = {
				ALWAYS_SEARCH_USER_PATHS = NO;
				CLANG_ANALYZER_NONNULL = YES;
				CLANG_ANALYZER_NUMBER_OBJECT_CONVERSION = YES_AGGRESSIVE;
				CLANG_CXX_LANGUAGE_STANDARD = "gnu++14";
				CLANG_CXX_LIBRARY = "libc++";
				CLANG_ENABLE_MODULES = YES;
				CLANG_ENABLE_OBJC_ARC = YES;
				CLANG_ENABLE_OBJC_WEAK = YES;
				CLANG_WARN_BLOCK_CAPTURE_AUTORELEASING = YES;
				CLANG_WARN_BOOL_CONVERSION = YES;
				CLANG_WARN_COMMA = YES;
				CLANG_WARN_CONSTANT_CONVERSION = YES;
				CLANG_WARN_DEPRECATED_OBJC_IMPLEMENTATIONS = YES;
				CLANG_WARN_DIRECT_OBJC_ISA_USAGE = YES_ERROR;
				CLANG_WARN_DOCUMENTATION_COMMENTS = YES;
				CLANG_WARN_EMPTY_BODY = YES;
				CLANG_WARN_ENUM_CONVERSION = YES;
				CLANG_WARN_INFINITE_RECURSION = YES;
				CLANG_WARN_INT_CONVERSION = YES;
				CLANG_WARN_NON_LITERAL_NULL_CONVERSION = YES;
				CLANG_WARN_OBJC_IMPLICIT_RETAIN_SELF = YES;
				CLANG_WARN_OBJC_LITERAL_CONVERSION = YES;
				CLANG_WARN_OBJC_ROOT_CLASS = YES_ERROR;
				CLANG_WARN_RANGE_LOOP_ANALYSIS = YES;
				CLANG_WARN_STRICT_PROTOTYPES = YES;
				CLANG_WARN_SUSPICIOUS_MOVE = YES;
				CLANG_WARN_UNGUARDED_AVAILABILITY = YES_AGGRESSIVE;
				CLANG_WARN_UNREACHABLE_CODE = YES;
				CLANG_WARN__DUPLICATE_METHOD_MATCH = YES;
				CODE_SIGN_IDENTITY = "iPhone Developer";
				COPY_PHASE_STRIP = NO;
				DEBUG_INFORMATION_FORMAT = dwarf;
				ENABLE_STRICT_OBJC_MSGSEND = YES;
				ENABLE_TESTABILITY = YES;
				GCC_C_LANGUAGE_STANDARD = gnu11;
				GCC_DYNAMIC_NO_PIC = NO;
				GCC_NO_COMMON_BLOCKS = YES;
				GCC_OPTIMIZATION_LEVEL = 0;
				GCC_PREPROCESSOR_DEFINITIONS = (
					"DEBUG=1",
					"$(inherited)",
				);
				GCC_WARN_64_TO_32_BIT_CONVERSION = YES;
				GCC_WARN_ABOUT_RETURN_TYPE = YES_ERROR;
				GCC_WARN_UNDECLARED_SELECTOR = YES;
				GCC_WARN_UNINITIALIZED_AUTOS = YES_AGGRESSIVE;
				GCC_WARN_UNUSED_FUNCTION = YES;
				GCC_WARN_UNUSED_VARIABLE = YES;
				IPHONEOS_DEPLOYMENT_TARGET = 12.4;
				MTL_ENABLE_DEBUG_INFO = INCLUDE_SOURCE;
				MTL_FAST_MATH = YES;
				ONLY_ACTIVE_ARCH = YES;
				SDKROOT = iphoneos;
				SWIFT_ACTIVE_COMPILATION_CONDITIONS = DEBUG;
				SWIFT_OPTIMIZATION_LEVEL = "-Onone";
			};
			name = Debug;
		};
		4B3622592312432F008AE36D /* Release */ = {
			isa = XCBuildConfiguration;
			buildSettings = {
				ALWAYS_SEARCH_USER_PATHS = NO;
				CLANG_ANALYZER_NONNULL = YES;
				CLANG_ANALYZER_NUMBER_OBJECT_CONVERSION = YES_AGGRESSIVE;
				CLANG_CXX_LANGUAGE_STANDARD = "gnu++14";
				CLANG_CXX_LIBRARY = "libc++";
				CLANG_ENABLE_MODULES = YES;
				CLANG_ENABLE_OBJC_ARC = YES;
				CLANG_ENABLE_OBJC_WEAK = YES;
				CLANG_WARN_BLOCK_CAPTURE_AUTORELEASING = YES;
				CLANG_WARN_BOOL_CONVERSION = YES;
				CLANG_WARN_COMMA = YES;
				CLANG_WARN_CONSTANT_CONVERSION = YES;
				CLANG_WARN_DEPRECATED_OBJC_IMPLEMENTATIONS = YES;
				CLANG_WARN_DIRECT_OBJC_ISA_USAGE = YES_ERROR;
				CLANG_WARN_DOCUMENTATION_COMMENTS = YES;
				CLANG_WARN_EMPTY_BODY = YES;
				CLANG_WARN_ENUM_CONVERSION = YES;
				CLANG_WARN_INFINITE_RECURSION = YES;
				CLANG_WARN_INT_CONVERSION = YES;
				CLANG_WARN_NON_LITERAL_NULL_CONVERSION = YES;
				CLANG_WARN_OBJC_IMPLICIT_RETAIN_SELF = YES;
				CLANG_WARN_OBJC_LITERAL_CONVERSION = YES;
				CLANG_WARN_OBJC_ROOT_CLASS = YES_ERROR;
				CLANG_WARN_RANGE_LOOP_ANALYSIS = YES;
				CLANG_WARN_STRICT_PROTOTYPES = YES;
				CLANG_WARN_SUSPICIOUS_MOVE = YES;
				CLANG_WARN_UNGUARDED_AVAILABILITY = YES_AGGRESSIVE;
				CLANG_WARN_UNREACHABLE_CODE = YES;
				CLANG_WARN__DUPLICATE_METHOD_MATCH = YES;
				CODE_SIGN_IDENTITY = "iPhone Developer";
				COPY_PHASE_STRIP = NO;
				DEBUG_INFORMATION_FORMAT = "dwarf-with-dsym";
				ENABLE_NS_ASSERTIONS = NO;
				ENABLE_STRICT_OBJC_MSGSEND = YES;
				GCC_C_LANGUAGE_STANDARD = gnu11;
				GCC_NO_COMMON_BLOCKS = YES;
				GCC_WARN_64_TO_32_BIT_CONVERSION = YES;
				GCC_WARN_ABOUT_RETURN_TYPE = YES_ERROR;
				GCC_WARN_UNDECLARED_SELECTOR = YES;
				GCC_WARN_UNINITIALIZED_AUTOS = YES_AGGRESSIVE;
				GCC_WARN_UNUSED_FUNCTION = YES;
				GCC_WARN_UNUSED_VARIABLE = YES;
				IPHONEOS_DEPLOYMENT_TARGET = 12.4;
				MTL_ENABLE_DEBUG_INFO = NO;
				MTL_FAST_MATH = YES;
				SDKROOT = iphoneos;
				SWIFT_COMPILATION_MODE = wholemodule;
				SWIFT_OPTIMIZATION_LEVEL = "-O";
				VALIDATE_PRODUCT = YES;
			};
			name = Release;
		};
		4B36225B2312432F008AE36D /* Debug */ = {
			isa = XCBuildConfiguration;
			baseConfigurationReference = 10DA237DB8CE07FF3491A652 /* Pods-RegistrationForm.debug.xcconfig */;
			buildSettings = {
				ASSETCATALOG_COMPILER_APPICON_NAME = AppIcon;
				CODE_SIGN_STYLE = Automatic;
				DEVELOPMENT_TEAM = 8X375UDGCY;
				INFOPLIST_FILE = RegistrationForm/Info.plist;
				LD_RUNPATH_SEARCH_PATHS = (
					"$(inherited)",
					"@executable_path/Frameworks",
				);
				PRODUCT_BUNDLE_IDENTIFIER = com.alexkolinko.RegistrationForm;
				PRODUCT_NAME = "$(TARGET_NAME)";
				SWIFT_VERSION = 5.0;
				TARGETED_DEVICE_FAMILY = "1,2";
			};
			name = Debug;
		};
		4B36225C2312432F008AE36D /* Release */ = {
			isa = XCBuildConfiguration;
			baseConfigurationReference = C599E0347BBF2C19A487849B /* Pods-RegistrationForm.release.xcconfig */;
			buildSettings = {
				ASSETCATALOG_COMPILER_APPICON_NAME = AppIcon;
				CODE_SIGN_STYLE = Automatic;
				DEVELOPMENT_TEAM = 8X375UDGCY;
				INFOPLIST_FILE = RegistrationForm/Info.plist;
				LD_RUNPATH_SEARCH_PATHS = (
					"$(inherited)",
					"@executable_path/Frameworks",
				);
				PRODUCT_BUNDLE_IDENTIFIER = com.alexkolinko.RegistrationForm;
				PRODUCT_NAME = "$(TARGET_NAME)";
				SWIFT_VERSION = 5.0;
				TARGETED_DEVICE_FAMILY = "1,2";
			};
			name = Release;
		};
/* End XCBuildConfiguration section */

/* Begin XCConfigurationList section */
		4B3622432312432D008AE36D /* Build configuration list for PBXProject "RegistrationForm" */ = {
			isa = XCConfigurationList;
			buildConfigurations = (
				4B3622582312432F008AE36D /* Debug */,
				4B3622592312432F008AE36D /* Release */,
			);
			defaultConfigurationIsVisible = 0;
			defaultConfigurationName = Release;
		};
		4B36225A2312432F008AE36D /* Build configuration list for PBXNativeTarget "RegistrationForm" */ = {
			isa = XCConfigurationList;
			buildConfigurations = (
				4B36225B2312432F008AE36D /* Debug */,
				4B36225C2312432F008AE36D /* Release */,
			);
			defaultConfigurationIsVisible = 0;
			defaultConfigurationName = Release;
		};
/* End XCConfigurationList section */
	};
	rootObject = 4B3622402312432D008AE36D /* Project object */;
}
